
Microsoft Visual Studio Solution File, Format Version 12.00
# Visual Studio Version 16
VisualStudioVersion = 16.0.810.12
MinimumVisualStudioVersion = 10.0.40219.1
Project("{FAE04EC0-301F-11D3-BF4B-00C04F79EFBC}") = "4X4_Matrix", "4X4_Matrix.csproj", "{67D6A484-E8F7-4BD7-A5E0-DEF207DC5859}"
EndProject
Global
	GlobalSection(SolutionConfigurationPlatforms) = preSolution
		Debug|Any CPU = Debug|Any CPU
		Release|Any CPU = Release|Any CPU
	EndGlobalSection
	GlobalSection(ProjectConfigurationPlatforms) = postSolution
		{67D6A484-E8F7-4BD7-A5E0-DEF207DC5859}.Debug|Any CPU.ActiveCfg = Debug|Any CPU
		{67D6A484-E8F7-4BD7-A5E0-DEF207DC5859}.Debug|Any CPU.Build.0 = Debug|Any CPU
		{67D6A484-E8F7-4BD7-A5E0-DEF207DC5859}.Release|Any CPU.ActiveCfg = Release|Any CPU
		{67D6A484-E8F7-4BD7-A5E0-DEF207DC5859}.Release|Any CPU.Build.0 = Release|Any CPU
	EndGlobalSection
	GlobalSection(SolutionProperties) = preSolution
		HideSolutionNode = FALSE
	EndGlobalSection
	GlobalSection(ExtensibilityGlobals) = postSolution
		SolutionGuid = {6A876EB6-5020-49A1-8CF1-0E19EB093040}
	EndGlobalSection
EndGlobal
